
Microsoft Visual Studio Solution File, Format Version 12.00
# Visual Studio Version 17
VisualStudioVersion = 17.5.33502.453
MinimumVisualStudioVersion = 10.0.40219.1
Project("{FAE04EC0-301F-11D3-BF4B-00C04F79EFBC}") = "Ejercicios en Clase - Abril 01", "Ejercicios en Clase - Abril 01.csproj", "{87360D4E-6ECD-4713-A00E-C3D84A24BC25}"
EndProject
Global
	GlobalSection(SolutionConfigurationPlatforms) = preSolution
		Debug|Any CPU = Debug|Any CPU
		Release|Any CPU = Release|Any CPU
	EndGlobalSection
	GlobalSection(ProjectConfigurationPlatforms) = postSolution
		{87360D4E-6ECD-4713-A00E-C3D84A24BC25}.Debug|Any CPU.ActiveCfg = Debug|Any CPU
		{87360D4E-6ECD-4713-A00E-C3D84A24BC25}.Debug|Any CPU.Build.0 = Debug|Any CPU
		{87360D4E-6ECD-4713-A00E-C3D84A24BC25}.Release|Any CPU.ActiveCfg = Release|Any CPU
		{87360D4E-6ECD-4713-A00E-C3D84A24BC25}.Release|Any CPU.Build.0 = Release|Any CPU
	EndGlobalSection
	GlobalSection(SolutionProperties) = preSolution
		HideSolutionNode = FALSE
	EndGlobalSection
	GlobalSection(ExtensibilityGlobals) = postSolution
		SolutionGuid = {B08B265A-673E-4B19-9498-B48A6AB57529}
	EndGlobalSection
EndGlobal
